
Microsoft Visual Studio Solution File, Format Version 12.00
Project("{FAE04EC0-301F-11D3-BF4B-00C04F79EFBC}") = "InventorySystemPlayersGuide", "InventorySystemPlayersGuide\InventorySystemPlayersGuide.csproj", "{B4651C94-800B-43F9-8159-BDC9F7B988C2}"
EndProject
Global
	GlobalSection(SolutionConfigurationPlatforms) = preSolution
		Debug|Any CPU = Debug|Any CPU
		Release|Any CPU = Release|Any CPU
	EndGlobalSection
	GlobalSection(ProjectConfigurationPlatforms) = postSolution
		{B4651C94-800B-43F9-8159-BDC9F7B988C2}.Debug|Any CPU.ActiveCfg = Debug|Any CPU
		{B4651C94-800B-43F9-8159-BDC9F7B988C2}.Debug|Any CPU.Build.0 = Debug|Any CPU
		{B4651C94-800B-43F9-8159-BDC9F7B988C2}.Release|Any CPU.ActiveCfg = Release|Any CPU
		{B4651C94-800B-43F9-8159-BDC9F7B988C2}.Release|Any CPU.Build.0 = Release|Any CPU
	EndGlobalSection
EndGlobal
